
Microsoft Visual Studio Solution File, Format Version 12.00
# Visual Studio Version 17
VisualStudioVersion = 17.3.32804.467
MinimumVisualStudioVersion = 10.0.40219.1
Project("{2150E333-8FDC-42A3-9474-1A3956D46DE8}") = "src", "src", "{2F00E068-28DE-40C1-94EF-DC737C3689AF}"
EndProject
Project("{2150E333-8FDC-42A3-9474-1A3956D46DE8}") = "corePackages", "corePackages", "{736846BE-BB3E-473C-B596-C86A33A8C226}"
EndProject
Project("{9A19103F-16F7-4668-BE54-9A1E7A4F7556}") = "Core.Application", "src\corePackages\Core.Application\Core.Application.csproj", "{1862E3A9-DA52-442F-8DFD-A7F5F0076F69}"
EndProject
Project("{9A19103F-16F7-4668-BE54-9A1E7A4F7556}") = "Core.CrossCuttingConcerns", "src\corePackages\Core.CrossCuttingConcers\Core.CrossCuttingConcerns.csproj", "{23532C17-C03D-4478-8A0B-7400C445F61D}"
EndProject
Project("{9A19103F-16F7-4668-BE54-9A1E7A4F7556}") = "Core.ElasticSearch", "src\corePackages\Core.ElasticSearch\Core.ElasticSearch.csproj", "{6A6DC9B5-E304-45E9-906C-417AACBFEF20}"
EndProject
Project("{9A19103F-16F7-4668-BE54-9A1E7A4F7556}") = "Core.Mailing", "src\corePackages\Core.Mailing\Core.Mailing.csproj", "{1C01993C-C2B1-49B8-81EE-8C32B91ECB12}"
EndProject
Project("{9A19103F-16F7-4668-BE54-9A1E7A4F7556}") = "Core.Persistence", "src\corePackages\Core.Persistence\Core.Persistence.csproj", "{16CB8B7A-6484-4952-A25E-19EDDE78C2AF}"
EndProject
Project("{9A19103F-16F7-4668-BE54-9A1E7A4F7556}") = "Core.Security", "src\corePackages\Core.Security\Core.Security.csproj", "{55B32219-F019-4A5F-84E1-A73814B81255}"
EndProject
Project("{2150E333-8FDC-42A3-9474-1A3956D46DE8}") = "Kodlama.io.Devs", "Kodlama.io.Devs", "{C5905139-27BD-49D3-800D-C59EE63F3390}"
EndProject
Project("{FAE04EC0-301F-11D3-BF4B-00C04F79EFBC}") = "Application", "src\Kodlama.io.Devs\Application\Application.csproj", "{D1122AF0-39C5-46B6-81CD-412DF368505C}"
EndProject
Project("{FAE04EC0-301F-11D3-BF4B-00C04F79EFBC}") = "Domain", "src\Kodlama.io.Devs\Domain\Domain.csproj", "{9724B803-7A33-4462-BC6F-FF6E0B4C6364}"
EndProject
Project("{FAE04EC0-301F-11D3-BF4B-00C04F79EFBC}") = "Persistence", "src\Kodlama.io.Devs\Persistence\Persistence.csproj", "{4F64B418-D524-4082-8DCA-9D753637339A}"
EndProject
Project("{FAE04EC0-301F-11D3-BF4B-00C04F79EFBC}") = "WebApi", "src\Kodlama.io.Devs\WebApi\WebApi.csproj", "{F7EF4C2C-DAB8-4810-B110-C3BA6886B4CF}"
EndProject
Project("{FAE04EC0-301F-11D3-BF4B-00C04F79EFBC}") = "Infractructure", "src\Kodlama.io.Devs\Infractructure\Infractructure.csproj", "{C3336B0A-7ADD-49C8-8A90-F60D64D28D07}"
EndProject
Global
	GlobalSection(SolutionConfigurationPlatforms) = preSolution
		Debug|Any CPU = Debug|Any CPU
		Release|Any CPU = Release|Any CPU
	EndGlobalSection
	GlobalSection(ProjectConfigurationPlatforms) = postSolution
		{1862E3A9-DA52-442F-8DFD-A7F5F0076F69}.Debug|Any CPU.ActiveCfg = Debug|Any CPU
		{1862E3A9-DA52-442F-8DFD-A7F5F0076F69}.Debug|Any CPU.Build.0 = Debug|Any CPU
		{1862E3A9-DA52-442F-8DFD-A7F5F0076F69}.Release|Any CPU.ActiveCfg = Release|Any CPU
		{1862E3A9-DA52-442F-8DFD-A7F5F0076F69}.Release|Any CPU.Build.0 = Release|Any CPU
		{23532C17-C03D-4478-8A0B-7400C445F61D}.Debug|Any CPU.ActiveCfg = Debug|Any CPU
		{23532C17-C03D-4478-8A0B-7400C445F61D}.Debug|Any CPU.Build.0 = Debug|Any CPU
		{23532C17-C03D-4478-8A0B-7400C445F61D}.Release|Any CPU.ActiveCfg = Release|Any CPU
		{23532C17-C03D-4478-8A0B-7400C445F61D}.Release|Any CPU.Build.0 = Release|Any CPU
		{6A6DC9B5-E304-45E9-906C-417AACBFEF20}.Debug|Any CPU.ActiveCfg = Debug|Any CPU
		{6A6DC9B5-E304-45E9-906C-417AACBFEF20}.Debug|Any CPU.Build.0 = Debug|Any CPU
		{6A6DC9B5-E304-45E9-906C-417AACBFEF20}.Release|Any CPU.ActiveCfg = Release|Any CPU
		{6A6DC9B5-E304-45E9-906C-417AACBFEF20}.Release|Any CPU.Build.0 = Release|Any CPU
		{1C01993C-C2B1-49B8-81EE-8C32B91ECB12}.Debug|Any CPU.ActiveCfg = Debug|Any CPU
		{1C01993C-C2B1-49B8-81EE-8C32B91ECB12}.Debug|Any CPU.Build.0 = Debug|Any CPU
		{1C01993C-C2B1-49B8-81EE-8C32B91ECB12}.Release|Any CPU.ActiveCfg = Release|Any CPU
		{1C01993C-C2B1-49B8-81EE-8C32B91ECB12}.Release|Any CPU.Build.0 = Release|Any CPU
		{16CB8B7A-6484-4952-A25E-19EDDE78C2AF}.Debug|Any CPU.ActiveCfg = Debug|Any CPU
		{16CB8B7A-6484-4952-A25E-19EDDE78C2AF}.Debug|Any CPU.Build.0 = Debug|Any CPU
		{16CB8B7A-6484-4952-A25E-19EDDE78C2AF}.Release|Any CPU.ActiveCfg = Release|Any CPU
		{16CB8B7A-6484-4952-A25E-19EDDE78C2AF}.Release|Any CPU.Build.0 = Release|Any CPU
		{55B32219-F019-4A5F-84E1-A73814B81255}.Debug|Any CPU.ActiveCfg = Debug|Any CPU
		{55B32219-F019-4A5F-84E1-A73814B81255}.Debug|Any CPU.Build.0 = Debug|Any CPU
		{55B32219-F019-4A5F-84E1-A73814B81255}.Release|Any CPU.ActiveCfg = Release|Any CPU
		{55B32219-F019-4A5F-84E1-A73814B81255}.Release|Any CPU.Build.0 = Release|Any CPU
		{D1122AF0-39C5-46B6-81CD-412DF368505C}.Debug|Any CPU.ActiveCfg = Debug|Any CPU
		{D1122AF0-39C5-46B6-81CD-412DF368505C}.Debug|Any CPU.Build.0 = Debug|Any CPU
		{D1122AF0-39C5-46B6-81CD-412DF368505C}.Release|Any CPU.ActiveCfg = Release|Any CPU
		{D1122AF0-39C5-46B6-81CD-412DF368505C}.Release|Any CPU.Build.0 = Release|Any CPU
		{9724B803-7A33-4462-BC6F-FF6E0B4C6364}.Debug|Any CPU.ActiveCfg = Debug|Any CPU
		{9724B803-7A33-4462-BC6F-FF6E0B4C6364}.Debug|Any CPU.Build.0 = Debug|Any CPU
		{9724B803-7A33-4462-BC6F-FF6E0B4C6364}.Release|Any CPU.ActiveCfg = Release|Any CPU
		{9724B803-7A33-4462-BC6F-FF6E0B4C6364}.Release|Any CPU.Build.0 = Release|Any CPU
		{4F64B418-D524-4082-8DCA-9D753637339A}.Debug|Any CPU.ActiveCfg = Debug|Any CPU
		{4F64B418-D524-4082-8DCA-9D753637339A}.Debug|Any CPU.Build.0 = Debug|Any CPU
		{4F64B418-D524-4082-8DCA-9D753637339A}.Release|Any CPU.ActiveCfg = Release|Any CPU
		{4F64B418-D524-4082-8DCA-9D753637339A}.Release|Any CPU.Build.0 = Release|Any CPU
		{F7EF4C2C-DAB8-4810-B110-C3BA6886B4CF}.Debug|Any CPU.ActiveCfg = Debug|Any CPU
		{F7EF4C2C-DAB8-4810-B110-C3BA6886B4CF}.Debug|Any CPU.Build.0 = Debug|Any CPU
		{F7EF4C2C-DAB8-4810-B110-C3BA6886B4CF}.Release|Any CPU.ActiveCfg = Release|Any CPU
		{F7EF4C2C-DAB8-4810-B110-C3BA6886B4CF}.Release|Any CPU.Build.0 = Release|Any CPU
		{C3336B0A-7ADD-49C8-8A90-F60D64D28D07}.Debug|Any CPU.ActiveCfg = Debug|Any CPU
		{C3336B0A-7ADD-49C8-8A90-F60D64D28D07}.Debug|Any CPU.Build.0 = Debug|Any CPU
		{C3336B0A-7ADD-49C8-8A90-F60D64D28D07}.Release|Any CPU.ActiveCfg = Release|Any CPU
		{C3336B0A-7ADD-49C8-8A90-F60D64D28D07}.Release|Any CPU.Build.0 = Release|Any CPU
	EndGlobalSection
	GlobalSection(SolutionProperties) = preSolution
		HideSolutionNode = FALSE
	EndGlobalSection
	GlobalSection(NestedProjects) = preSolution
		{736846BE-BB3E-473C-B596-C86A33A8C226} = {2F00E068-28DE-40C1-94EF-DC737C3689AF}
		{1862E3A9-DA52-442F-8DFD-A7F5F0076F69} = {736846BE-BB3E-473C-B596-C86A33A8C226}
		{23532C17-C03D-4478-8A0B-7400C445F61D} = {736846BE-BB3E-473C-B596-C86A33A8C226}
		{6A6DC9B5-E304-45E9-906C-417AACBFEF20} = {736846BE-BB3E-473C-B596-C86A33A8C226}
		{1C01993C-C2B1-49B8-81EE-8C32B91ECB12} = {736846BE-BB3E-473C-B596-C86A33A8C226}
		{16CB8B7A-6484-4952-A25E-19EDDE78C2AF} = {736846BE-BB3E-473C-B596-C86A33A8C226}
		{55B32219-F019-4A5F-84E1-A73814B81255} = {736846BE-BB3E-473C-B596-C86A33A8C226}
		{C5905139-27BD-49D3-800D-C59EE63F3390} = {2F00E068-28DE-40C1-94EF-DC737C3689AF}
		{D1122AF0-39C5-46B6-81CD-412DF368505C} = {C5905139-27BD-49D3-800D-C59EE63F3390}
		{9724B803-7A33-4462-BC6F-FF6E0B4C6364} = {C5905139-27BD-49D3-800D-C59EE63F3390}
		{4F64B418-D524-4082-8DCA-9D753637339A} = {C5905139-27BD-49D3-800D-C59EE63F3390}
		{F7EF4C2C-DAB8-4810-B110-C3BA6886B4CF} = {C5905139-27BD-49D3-800D-C59EE63F3390}
		{C3336B0A-7ADD-49C8-8A90-F60D64D28D07} = {C5905139-27BD-49D3-800D-C59EE63F3390}
	EndGlobalSection
	GlobalSection(ExtensibilityGlobals) = postSolution
		SolutionGuid = {BBA2F1B5-8376-482A-99EC-710268A9CD33}
	EndGlobalSection
EndGlobal
